
Microsoft Visual Studio Solution File, Format Version 12.00
# Visual Studio Version 16
VisualStudioVersion = 16.0.29503.13
MinimumVisualStudioVersion = 10.0.40219.1
Project("{FAE04EC0-301F-11D3-BF4B-00C04F79EFBC}") = "TailorX", "TailorX\TailorX.csproj", "{D7394BE9-1ACA-4783-B010-76452BFD9B10}"
EndProject
Global
	GlobalSection(SolutionConfigurationPlatforms) = preSolution
		Debug|Any CPU = Debug|Any CPU
		Release|Any CPU = Release|Any CPU
	EndGlobalSection
	GlobalSection(ProjectConfigurationPlatforms) = postSolution
		{D7394BE9-1ACA-4783-B010-76452BFD9B10}.Debug|Any CPU.ActiveCfg = Debug|Any CPU
		{D7394BE9-1ACA-4783-B010-76452BFD9B10}.Debug|Any CPU.Build.0 = Debug|Any CPU
		{D7394BE9-1ACA-4783-B010-76452BFD9B10}.Release|Any CPU.ActiveCfg = Release|Any CPU
		{D7394BE9-1ACA-4783-B010-76452BFD9B10}.Release|Any CPU.Build.0 = Release|Any CPU
	EndGlobalSection
	GlobalSection(SolutionProperties) = preSolution
		HideSolutionNode = FALSE
	EndGlobalSection
	GlobalSection(ExtensibilityGlobals) = postSolution
		SolutionGuid = {62503BE3-661D-4678-83CB-D2991C9CBC0C}
	EndGlobalSection
EndGlobal
